{
  "version": 4,
  "terraform_version": "1.9.8",
  "serial": 34,
  "lineage": "399653e5-1d37-563e-3b97-16b6df0b38de",
  "outputs": {
    "gke_cluster_ca_certificate": {
      "value": "LS0tLS1CRUdJTiBDRVJUSUZJQ0FURS0tLS0tCk1JSUVMVENDQXBXZ0F3SUJBZ0lSQU9aUDQ3UFdRZCtyTDg3OVZuUEpvL0V3RFFZSktvWklodmNOQVFFTEJRQXcKTHpFdE1Dc0dBMVVFQXhNa05UQm1NbVppT0dFdFptTXlNaTAwWVRVeUxXSmtZMll0WWpOaFlqaGhPR0ZrWkdFMgpNQ0FYRFRJME1URXdPREE1TWpVME1Gb1lEekl3TlRReE1UQXhNVEF5TlRRd1dqQXZNUzB3S3dZRFZRUURFeVExCk1HWXlabUk0WVMxbVl6SXlMVFJoTlRJdFltUmpaaTFpTTJGaU9HRTRZV1JrWVRZd2dnR2lNQTBHQ1NxR1NJYjMKRFFFQkFRVUFBNElCandBd2dnR0tBb0lCZ1FDTjBybkZEVmwvSXNCUlBrOStzUytHejh0TFM1aTRDZzNyWEdSbAoxaGFpRjJBZFErd2VmckZ1cW9qSzdWOXZ5ZWU4SzAwTkJtaU53QU9WNjdmSDdCRE5BVExmTEtHTFcyWjdKb3dHCmloZ0QvbTVHZUlnY29XMDRycENwYW9Mblo1UWVONURwMDI1bzFwNlZrcmsvVGxFdnlpTlhQVndsSVVtdDRVUGYKeEZ0M1lBR3NSQndSTWVWZitrYzlGbTUvdGhzOVNZaXV3eG5JT01UcFNJOWZmNFduREdCbW11WThFeUpKMjRQTgo3Smc0VzhOcXh6WkR5bjdjRksrZ3JsdmpCWjBZSkxSNk9SYW9Jb1JWMktFVVRuOXJuMFpjSFAxVlN2QzNBRFJMCkpHTjZrVE4zTTNkTFM3bWFjb1VPSVNWY1RxU0pJUUVsWExVODdIalRMVFB0VHpGVXJGckVEem52a1h5d01SajkKUUJYUzlZOXdtY3BkWUxLMXorck9jb0w3UUlrRGhTVHdIQzVxMDJCWkNneU94dVNITEN1Q0lSTVpyWjFxelB2SAoyYk9ReHNzd1Z6VFdMTzkxaWNrYURKcXpONXVDYlpHNHpmaStzREY5alZUWkw1cW0vQ0h2Z042bllwQ0NFb0c0CmNGTjFvaWxlSmFUK2YvZDlOWFA0em1oWTkzRUNBd0VBQWFOQ01FQXdEZ1lEVlIwUEFRSC9CQVFEQWdJRU1BOEcKQTFVZEV3RUIvd1FGTUFNQkFmOHdIUVlEVlIwT0JCWUVGQnRGUHJ2KytRTXBqMXk1L28wZk1DbCtBMkM3TUEwRwpDU3FHU0liM0RRRUJDd1VBQTRJQmdRQmgxcjIzSWZ3a0VNaU54L0pkcCsvc1hyRElQSzFLYURxTVRJMmQ2WGNFCktIbFdQZWp6WDZrd3RzenU4emZIcnhXVk1QVUt3U0I3cVdQOFlkWVhrbWhrNTh6VFZVczUzTFJmRXk0UUw5R1MKUTJ6c2NNMmk4cEhUelo4cnFoR0MycUtwYnhVWGpkcHh1ajZzckh4VGtXRlhNS0Zad0F6ZWV0cnNqdGllWExxVgpYODVnWms1NFYwWW82eXZtaU91b1Fpd2RibGtqeWpoaGU3YTAzcjdZSXBpMDF3WmJ6UTh4a0t0WkdNY1h6TzJkCjFMaEtkUjQ3S1Bla0NtY2xxdnN1ZlY2eFM2RFhPbm5zUWpINlJveS9tZGgwOEV5WSt4L1psbG5pb2JqMm5DUTkKM2RUMlNCWVdlaGxHVjM2MzF3bVQwY240N3V0T1JtcW5qRFVzVUhYNTIvRVlsMGpnYUFJTDZuMVcvRDd2YU83dgp5cE5zU3NSdHZPTGtoRFNWZEx1blR2U2VtdTI3MUxzZGlZRnN4d2JaY2NJdkx5MWZ5M281ZGZVUHZ0b1l0VitiCmRGL0dhNzJETWE0TVd0bFcxRW1iSkhucHc5SXBEUjh6aURzcXRUUHIvZUt4aS84OXJ1d3hhaEQ4N1hiWnVEUzMKbUVlN3Q4cGpXVitCNW5XTEFOTGx2NW89Ci0tLS0tRU5EIENFUlRJRklDQVRFLS0tLS0K",
      "type": "string"
    },
    "gke_cluster_endpoint": {
      "value": "34.118.69.126",
      "type": "string"
    }
  },
  "resources": [
    {
      "module": "module.gke_cluster",
      "mode": "data",
      "type": "google_client_config",
      "name": "default",
      "provider": "provider[\"registry.terraform.io/hashicorp/google\"]",
      "instances": [
        {
          "schema_version": 0,
          "attributes": {
            "access_token": "ya29.a0AeDClZC0lpCaeu0Cf19mn1Tu2mhIsstNdDj_xArDRSFUAqfoKadJlUuMDnrQOHCBgFQm5POgfWq4PU0hWi0DbeWjDYKloaV3fsW9mzKGUYyIkttRS1miF81bY7AvhNfflzz85pmsA-N8cJL9Q80mgaEEQDwTAVbWJ1ZoUCVmaCgYKAaoSARMSFQHGX2MiKNHajlZUgeGBSonUG29nfg0175",
            "default_labels": null,
            "id": "projects/\"aqueous-sandbox-432016-j4\"/regions/\"europe-central2\"/zones/\u003cnull\u003e",
            "project": "aqueous-sandbox-432016-j4",
            "region": "europe-central2",
            "zone": null
          },
          "sensitive_attributes": [
            [
              {
                "type": "get_attr",
                "value": "access_token"
              }
            ]
          ]
        }
      ]
    },
    {
      "module": "module.gke_cluster",
      "mode": "managed",
      "type": "google_container_cluster",
      "name": "primary",
      "provider": "provider[\"registry.terraform.io/hashicorp/google\"]",
      "instances": [
        {
          "schema_version": 2,
          "attributes": {
            "addons_config": [
              {
                "cloudrun_config": [],
                "config_connector_config": [],
                "dns_cache_config": [],
                "gce_persistent_disk_csi_driver_config": [
                  {
                    "enabled": true
                  }
                ],
                "gcp_filestore_csi_driver_config": [],
                "gcs_fuse_csi_driver_config": [],
                "gke_backup_agent_config": [],
                "horizontal_pod_autoscaling": [],
                "http_load_balancing": [],
                "network_policy_config": [
                  {
                    "disabled": true
                  }
                ],
                "ray_operator_config": [],
                "stateful_ha_config": []
              }
            ],
            "allow_net_admin": null,
            "authenticator_groups_config": [],
            "binary_authorization": [
              {
                "enabled": false,
                "evaluation_mode": ""
              }
            ],
            "cluster_autoscaling": [
              {
                "auto_provisioning_defaults": [],
                "auto_provisioning_locations": [],
                "autoscaling_profile": "BALANCED",
                "enabled": false,
                "resource_limits": []
              }
            ],
            "cluster_ipv4_cidr": "10.92.0.0/14",
            "confidential_nodes": [],
            "cost_management_config": [],
            "database_encryption": [
              {
                "key_name": "",
                "state": "DECRYPTED"
              }
            ],
            "datapath_provider": "",
            "default_max_pods_per_node": 110,
            "default_snat_status": [
              {
                "disabled": false
              }
            ],
            "deletion_protection": true,
            "description": "",
            "dns_config": [],
            "effective_labels": {
              "goog-terraform-provisioned": "true"
            },
            "enable_autopilot": false,
            "enable_cilium_clusterwide_network_policy": false,
            "enable_intranode_visibility": false,
            "enable_k8s_beta_apis": [],
            "enable_kubernetes_alpha": false,
            "enable_l4_ilb_subsetting": false,
            "enable_legacy_abac": false,
            "enable_multi_networking": false,
            "enable_shielded_nodes": true,
            "enable_tpu": false,
            "endpoint": "34.118.69.126",
            "fleet": [],
            "gateway_api_config": [],
            "id": "projects/aqueous-sandbox-432016-j4/locations/europe-central2/clusters/my-gke-cluster",
            "identity_service_config": [],
            "initial_node_count": 1,
            "ip_allocation_policy": [
              {
                "additional_pod_ranges_config": [],
                "cluster_ipv4_cidr_block": "10.92.0.0/14",
                "cluster_secondary_range_name": "gke-my-gke-cluster-pods-932ee58b",
                "pod_cidr_overprovision_config": [
                  {
                    "disabled": false
                  }
                ],
                "services_ipv4_cidr_block": "34.118.224.0/20",
                "services_secondary_range_name": "",
                "stack_type": "IPV4"
              }
            ],
            "label_fingerprint": "78cdf2f6",
            "location": "europe-central2",
            "logging_config": [
              {
                "enable_components": [
                  "SYSTEM_COMPONENTS",
                  "WORKLOADS"
                ]
              }
            ],
            "logging_service": "logging.googleapis.com/kubernetes",
            "maintenance_policy": [],
            "master_auth": [
              {
                "client_certificate": "",
                "client_certificate_config": [
                  {
                    "issue_client_certificate": false
                  }
                ],
                "client_key": "",
                "cluster_ca_certificate": "LS0tLS1CRUdJTiBDRVJUSUZJQ0FURS0tLS0tCk1JSUVMVENDQXBXZ0F3SUJBZ0lSQU9aUDQ3UFdRZCtyTDg3OVZuUEpvL0V3RFFZSktvWklodmNOQVFFTEJRQXcKTHpFdE1Dc0dBMVVFQXhNa05UQm1NbVppT0dFdFptTXlNaTAwWVRVeUxXSmtZMll0WWpOaFlqaGhPR0ZrWkdFMgpNQ0FYRFRJME1URXdPREE1TWpVME1Gb1lEekl3TlRReE1UQXhNVEF5TlRRd1dqQXZNUzB3S3dZRFZRUURFeVExCk1HWXlabUk0WVMxbVl6SXlMVFJoTlRJdFltUmpaaTFpTTJGaU9HRTRZV1JrWVRZd2dnR2lNQTBHQ1NxR1NJYjMKRFFFQkFRVUFBNElCandBd2dnR0tBb0lCZ1FDTjBybkZEVmwvSXNCUlBrOStzUytHejh0TFM1aTRDZzNyWEdSbAoxaGFpRjJBZFErd2VmckZ1cW9qSzdWOXZ5ZWU4SzAwTkJtaU53QU9WNjdmSDdCRE5BVExmTEtHTFcyWjdKb3dHCmloZ0QvbTVHZUlnY29XMDRycENwYW9Mblo1UWVONURwMDI1bzFwNlZrcmsvVGxFdnlpTlhQVndsSVVtdDRVUGYKeEZ0M1lBR3NSQndSTWVWZitrYzlGbTUvdGhzOVNZaXV3eG5JT01UcFNJOWZmNFduREdCbW11WThFeUpKMjRQTgo3Smc0VzhOcXh6WkR5bjdjRksrZ3JsdmpCWjBZSkxSNk9SYW9Jb1JWMktFVVRuOXJuMFpjSFAxVlN2QzNBRFJMCkpHTjZrVE4zTTNkTFM3bWFjb1VPSVNWY1RxU0pJUUVsWExVODdIalRMVFB0VHpGVXJGckVEem52a1h5d01SajkKUUJYUzlZOXdtY3BkWUxLMXorck9jb0w3UUlrRGhTVHdIQzVxMDJCWkNneU94dVNITEN1Q0lSTVpyWjFxelB2SAoyYk9ReHNzd1Z6VFdMTzkxaWNrYURKcXpONXVDYlpHNHpmaStzREY5alZUWkw1cW0vQ0h2Z042bllwQ0NFb0c0CmNGTjFvaWxlSmFUK2YvZDlOWFA0em1oWTkzRUNBd0VBQWFOQ01FQXdEZ1lEVlIwUEFRSC9CQVFEQWdJRU1BOEcKQTFVZEV3RUIvd1FGTUFNQkFmOHdIUVlEVlIwT0JCWUVGQnRGUHJ2KytRTXBqMXk1L28wZk1DbCtBMkM3TUEwRwpDU3FHU0liM0RRRUJDd1VBQTRJQmdRQmgxcjIzSWZ3a0VNaU54L0pkcCsvc1hyRElQSzFLYURxTVRJMmQ2WGNFCktIbFdQZWp6WDZrd3RzenU4emZIcnhXVk1QVUt3U0I3cVdQOFlkWVhrbWhrNTh6VFZVczUzTFJmRXk0UUw5R1MKUTJ6c2NNMmk4cEhUelo4cnFoR0MycUtwYnhVWGpkcHh1ajZzckh4VGtXRlhNS0Zad0F6ZWV0cnNqdGllWExxVgpYODVnWms1NFYwWW82eXZtaU91b1Fpd2RibGtqeWpoaGU3YTAzcjdZSXBpMDF3WmJ6UTh4a0t0WkdNY1h6TzJkCjFMaEtkUjQ3S1Bla0NtY2xxdnN1ZlY2eFM2RFhPbm5zUWpINlJveS9tZGgwOEV5WSt4L1psbG5pb2JqMm5DUTkKM2RUMlNCWVdlaGxHVjM2MzF3bVQwY240N3V0T1JtcW5qRFVzVUhYNTIvRVlsMGpnYUFJTDZuMVcvRDd2YU83dgp5cE5zU3NSdHZPTGtoRFNWZEx1blR2U2VtdTI3MUxzZGlZRnN4d2JaY2NJdkx5MWZ5M281ZGZVUHZ0b1l0VitiCmRGL0dhNzJETWE0TVd0bFcxRW1iSkhucHc5SXBEUjh6aURzcXRUUHIvZUt4aS84OXJ1d3hhaEQ4N1hiWnVEUzMKbUVlN3Q4cGpXVitCNW5XTEFOTGx2NW89Ci0tLS0tRU5EIENFUlRJRklDQVRFLS0tLS0K"
              }
            ],
            "master_authorized_networks_config": [],
            "master_version": "1.30.5-gke.1355000",
            "mesh_certificates": [],
            "min_master_version": null,
            "monitoring_config": [
              {
                "advanced_datapath_observability_config": [
                  {
                    "enable_metrics": false,
                    "enable_relay": false
                  }
                ],
                "enable_components": [
                  "SYSTEM_COMPONENTS",
                  "POD",
                  "DAEMONSET",
                  "DEPLOYMENT",
                  "STATEFULSET",
                  "STORAGE",
                  "HPA",
                  "KUBELET",
                  "CADVISOR"
                ],
                "managed_prometheus": [
                  {
                    "enabled": true
                  }
                ]
              }
            ],
            "monitoring_service": "monitoring.googleapis.com/kubernetes",
            "name": "my-gke-cluster",
            "network": "projects/aqueous-sandbox-432016-j4/global/networks/default",
            "network_policy": [
              {
                "enabled": false,
                "provider": "PROVIDER_UNSPECIFIED"
              }
            ],
            "networking_mode": "VPC_NATIVE",
            "node_config": [
              {
                "advanced_machine_features": [],
                "boot_disk_kms_key": "",
                "confidential_nodes": [],
                "containerd_config": [],
                "disk_size_gb": 40,
                "disk_type": "pd-balanced",
                "effective_taints": [],
                "enable_confidential_storage": false,
                "ephemeral_storage_local_ssd_config": [],
                "fast_socket": [],
                "gcfs_config": [],
                "guest_accelerator": [],
                "gvnic": [],
                "host_maintenance_policy": [],
                "image_type": "COS_CONTAINERD",
                "kubelet_config": [],
                "labels": {},
                "linux_node_config": [],
                "local_nvme_ssd_block_config": [],
                "local_ssd_count": 0,
                "logging_variant": "DEFAULT",
                "machine_type": "n1-standard-1",
                "metadata": {
                  "disable-legacy-endpoints": "true"
                },
                "min_cpu_platform": "",
                "node_group": "",
                "oauth_scopes": [
                  "https://www.googleapis.com/auth/cloud-platform"
                ],
                "preemptible": false,
                "reservation_affinity": [],
                "resource_labels": {},
                "resource_manager_tags": {},
                "secondary_boot_disks": [],
                "service_account": "default",
                "shielded_instance_config": [
                  {
                    "enable_integrity_monitoring": true,
                    "enable_secure_boot": false
                  }
                ],
                "sole_tenant_config": [],
                "spot": false,
                "storage_pools": [],
                "tags": [],
                "taint": [],
                "workload_metadata_config": []
              }
            ],
            "node_locations": [
              "europe-central2-a",
              "europe-central2-b",
              "europe-central2-c"
            ],
            "node_pool": [
              {
                "autoscaling": [],
                "initial_node_count": 1,
                "instance_group_urls": [
                  "https://www.googleapis.com/compute/v1/projects/aqueous-sandbox-432016-j4/zones/europe-central2-c/instanceGroupManagers/gke-my-gke-cluster-default-pool-6896fc3b-grp",
                  "https://www.googleapis.com/compute/v1/projects/aqueous-sandbox-432016-j4/zones/europe-central2-b/instanceGroupManagers/gke-my-gke-cluster-default-pool-36852842-grp",
                  "https://www.googleapis.com/compute/v1/projects/aqueous-sandbox-432016-j4/zones/europe-central2-a/instanceGroupManagers/gke-my-gke-cluster-default-pool-4c8c7fa9-grp"
                ],
                "managed_instance_group_urls": [
                  "https://www.googleapis.com/compute/v1/projects/aqueous-sandbox-432016-j4/zones/europe-central2-c/instanceGroups/gke-my-gke-cluster-default-pool-6896fc3b-grp",
                  "https://www.googleapis.com/compute/v1/projects/aqueous-sandbox-432016-j4/zones/europe-central2-b/instanceGroups/gke-my-gke-cluster-default-pool-36852842-grp",
                  "https://www.googleapis.com/compute/v1/projects/aqueous-sandbox-432016-j4/zones/europe-central2-a/instanceGroups/gke-my-gke-cluster-default-pool-4c8c7fa9-grp"
                ],
                "management": [
                  {
                    "auto_repair": true,
                    "auto_upgrade": true
                  }
                ],
                "max_pods_per_node": 110,
                "name": "default-pool",
                "name_prefix": "",
                "network_config": [
                  {
                    "additional_node_network_configs": [],
                    "additional_pod_network_configs": [],
                    "create_pod_range": false,
                    "enable_private_nodes": false,
                    "network_performance_config": [],
                    "pod_cidr_overprovision_config": [],
                    "pod_ipv4_cidr_block": "10.92.0.0/14",
                    "pod_range": "gke-my-gke-cluster-pods-932ee58b"
                  }
                ],
                "node_config": [
                  {
                    "advanced_machine_features": [],
                    "boot_disk_kms_key": "",
                    "confidential_nodes": [],
                    "containerd_config": [],
                    "disk_size_gb": 40,
                    "disk_type": "pd-balanced",
                    "effective_taints": [],
                    "enable_confidential_storage": false,
                    "ephemeral_storage_local_ssd_config": [],
                    "fast_socket": [],
                    "gcfs_config": [],
                    "guest_accelerator": [],
                    "gvnic": [],
                    "host_maintenance_policy": [],
                    "image_type": "COS_CONTAINERD",
                    "kubelet_config": [],
                    "labels": {},
                    "linux_node_config": [],
                    "local_nvme_ssd_block_config": [],
                    "local_ssd_count": 0,
                    "logging_variant": "DEFAULT",
                    "machine_type": "n1-standard-1",
                    "metadata": {
                      "disable-legacy-endpoints": "true"
                    },
                    "min_cpu_platform": "",
                    "node_group": "",
                    "oauth_scopes": [
                      "https://www.googleapis.com/auth/cloud-platform"
                    ],
                    "preemptible": false,
                    "reservation_affinity": [],
                    "resource_labels": {},
                    "resource_manager_tags": {},
                    "secondary_boot_disks": [],
                    "service_account": "default",
                    "shielded_instance_config": [
                      {
                        "enable_integrity_monitoring": true,
                        "enable_secure_boot": false
                      }
                    ],
                    "sole_tenant_config": [],
                    "spot": false,
                    "storage_pools": [],
                    "tags": [],
                    "taint": [],
                    "workload_metadata_config": []
                  }
                ],
                "node_count": 1,
                "node_locations": [
                  "europe-central2-a",
                  "europe-central2-b",
                  "europe-central2-c"
                ],
                "placement_policy": [],
                "queued_provisioning": [],
                "upgrade_settings": [
                  {
                    "blue_green_settings": [],
                    "max_surge": 1,
                    "max_unavailable": 0,
                    "strategy": "SURGE"
                  }
                ],
                "version": "1.30.5-gke.1355000"
              },
              {
                "autoscaling": [],
                "initial_node_count": 1,
                "instance_group_urls": [
                  "https://www.googleapis.com/compute/v1/projects/aqueous-sandbox-432016-j4/zones/europe-central2-c/instanceGroupManagers/gke-my-gke-cluster-terraform-20241108-ed62e4d1-grp",
                  "https://www.googleapis.com/compute/v1/projects/aqueous-sandbox-432016-j4/zones/europe-central2-b/instanceGroupManagers/gke-my-gke-cluster-terraform-20241108-1690a5b7-grp",
                  "https://www.googleapis.com/compute/v1/projects/aqueous-sandbox-432016-j4/zones/europe-central2-a/instanceGroupManagers/gke-my-gke-cluster-terraform-20241108-861f7b30-grp"
                ],
                "managed_instance_group_urls": [
                  "https://www.googleapis.com/compute/v1/projects/aqueous-sandbox-432016-j4/zones/europe-central2-c/instanceGroups/gke-my-gke-cluster-terraform-20241108-ed62e4d1-grp",
                  "https://www.googleapis.com/compute/v1/projects/aqueous-sandbox-432016-j4/zones/europe-central2-b/instanceGroups/gke-my-gke-cluster-terraform-20241108-1690a5b7-grp",
                  "https://www.googleapis.com/compute/v1/projects/aqueous-sandbox-432016-j4/zones/europe-central2-a/instanceGroups/gke-my-gke-cluster-terraform-20241108-861f7b30-grp"
                ],
                "management": [
                  {
                    "auto_repair": true,
                    "auto_upgrade": true
                  }
                ],
                "max_pods_per_node": 110,
                "name": "terraform-20241108103125075100000001",
                "name_prefix": "",
                "network_config": [
                  {
                    "additional_node_network_configs": [],
                    "additional_pod_network_configs": [],
                    "create_pod_range": false,
                    "enable_private_nodes": false,
                    "network_performance_config": [],
                    "pod_cidr_overprovision_config": [],
                    "pod_ipv4_cidr_block": "10.92.0.0/14",
                    "pod_range": "gke-my-gke-cluster-pods-932ee58b"
                  }
                ],
                "node_config": [
                  {
                    "advanced_machine_features": [],
                    "boot_disk_kms_key": "",
                    "confidential_nodes": [],
                    "containerd_config": [],
                    "disk_size_gb": 40,
                    "disk_type": "pd-balanced",
                    "effective_taints": [],
                    "enable_confidential_storage": false,
                    "ephemeral_storage_local_ssd_config": [],
                    "fast_socket": [],
                    "gcfs_config": [],
                    "guest_accelerator": [],
                    "gvnic": [],
                    "host_maintenance_policy": [],
                    "image_type": "COS_CONTAINERD",
                    "kubelet_config": [],
                    "labels": {},
                    "linux_node_config": [],
                    "local_nvme_ssd_block_config": [],
                    "local_ssd_count": 0,
                    "logging_variant": "DEFAULT",
                    "machine_type": "n1-standard-1",
                    "metadata": {
                      "disable-legacy-endpoints": "true"
                    },
                    "min_cpu_platform": "",
                    "node_group": "",
                    "oauth_scopes": [
                      "https://www.googleapis.com/auth/cloud-platform"
                    ],
                    "preemptible": false,
                    "reservation_affinity": [],
                    "resource_labels": {},
                    "resource_manager_tags": {},
                    "secondary_boot_disks": [],
                    "service_account": "default",
                    "shielded_instance_config": [
                      {
                        "enable_integrity_monitoring": true,
                        "enable_secure_boot": false
                      }
                    ],
                    "sole_tenant_config": [],
                    "spot": false,
                    "storage_pools": [],
                    "tags": [],
                    "taint": [],
                    "workload_metadata_config": []
                  }
                ],
                "node_count": 1,
                "node_locations": [
                  "europe-central2-a",
                  "europe-central2-b",
                  "europe-central2-c"
                ],
                "placement_policy": [],
                "queued_provisioning": [],
                "upgrade_settings": [
                  {
                    "blue_green_settings": [],
                    "max_surge": 1,
                    "max_unavailable": 0,
                    "strategy": "SURGE"
                  }
                ],
                "version": "1.30.5-gke.1355000"
              }
            ],
            "node_pool_auto_config": [],
            "node_pool_defaults": [
              {
                "node_config_defaults": [
                  {
                    "containerd_config": [],
                    "gcfs_config": [],
                    "insecure_kubelet_readonly_port_enabled": "FALSE",
                    "logging_variant": "DEFAULT"
                  }
                ]
              }
            ],
            "node_version": "1.30.5-gke.1355000",
            "notification_config": [
              {
                "pubsub": [
                  {
                    "enabled": false,
                    "filter": [],
                    "topic": ""
                  }
                ]
              }
            ],
            "operation": null,
            "private_cluster_config": [
              {
                "enable_private_endpoint": false,
                "enable_private_nodes": false,
                "master_global_access_config": [
                  {
                    "enabled": false
                  }
                ],
                "master_ipv4_cidr_block": "",
                "peering_name": "",
                "private_endpoint": "10.186.0.14",
                "private_endpoint_subnetwork": "",
                "public_endpoint": "34.118.69.126"
              }
            ],
            "private_ipv6_google_access": "",
            "project": "aqueous-sandbox-432016-j4",
            "release_channel": [
              {
                "channel": "REGULAR"
              }
            ],
            "remove_default_node_pool": true,
            "resource_labels": {},
            "resource_usage_export_config": [],
            "secret_manager_config": [
              {
                "enabled": false
              }
            ],
            "security_posture_config": [
              {
                "mode": "BASIC",
                "vulnerability_mode": "VULNERABILITY_MODE_UNSPECIFIED"
              }
            ],
            "self_link": "https://container.googleapis.com/v1/projects/aqueous-sandbox-432016-j4/locations/europe-central2/clusters/my-gke-cluster",
            "service_external_ips_config": [
              {
                "enabled": false
              }
            ],
            "services_ipv4_cidr": "34.118.224.0/20",
            "subnetwork": "projects/aqueous-sandbox-432016-j4/regions/europe-central2/subnetworks/default",
            "terraform_labels": {
              "goog-terraform-provisioned": "true"
            },
            "timeouts": null,
            "tpu_ipv4_cidr_block": "",
            "vertical_pod_autoscaling": [],
            "workload_identity_config": []
          },
          "sensitive_attributes": [
            [
              {
                "type": "get_attr",
                "value": "master_auth"
              },
              {
                "type": "index",
                "value": {
                  "value": 0,
                  "type": "number"
                }
              },
              {
                "type": "get_attr",
                "value": "client_key"
              }
            ]
          ],
          "private": "eyJlMmJmYjczMC1lY2FhLTExZTYtOGY4OC0zNDM2M2JjN2M0YzAiOnsiY3JlYXRlIjoyNDAwMDAwMDAwMDAwLCJkZWxldGUiOjI0MDAwMDAwMDAwMDAsInJlYWQiOjI0MDAwMDAwMDAwMDAsInVwZGF0ZSI6MzYwMDAwMDAwMDAwMH0sInNjaGVtYV92ZXJzaW9uIjoiMiJ9"
        }
      ]
    }
  ],
  "check_results": null
}
